{
  "requires": true,
  "lockfileVersion": 1,
  "dependencies": {
    "http-requests-cj": {
      "version": "0.0.1",
      "resolved": "https://registry.npmjs.org/http-requests-cj/-/http-requests-cj-0.0.1.tgz",
      "integrity": "sha512-6WvngeCeMAy2Q7YkE01kTx8ResyfKGe/k/PTab79SFZK1QiLy/Ks/9Ne0B6GqbQIaQHY2kFNusTgfy5ck8Wozg==",
      "requires": {
        "tslib": "^2.3.0"
      }
    },
    "tslib": {
      "version": "2.3.1",
      "resolved": "https://registry.npmjs.org/tslib/-/tslib-2.3.1.tgz",
      "integrity": "sha512-77EbyPPpMz+FRFRuAFlWMtmgUWGe9UOG2Z25NqCwiIjRhOf5iKGuzSe5P2w1laq+FkRy4p+PCuVkJSGkzTEKVw=="
    }
  }
}
